
Microsoft Visual Studio Solution File, Format Version 12.00
# Visual Studio 15
VisualStudioVersion = 15.0.27130.2036
MinimumVisualStudioVersion = 10.0.40219.1
Project("{FAE04EC0-301F-11D3-BF4B-00C04F79EFBC}") = "Week9_Lab", "Week9_Lab\Week9_Lab.csproj", "{238E24FD-05B3-4540-A98B-B5CD7CD8F09A}"
EndProject
Global
	GlobalSection(SolutionConfigurationPlatforms) = preSolution
		Debug|Any CPU = Debug|Any CPU
		Release|Any CPU = Release|Any CPU
	EndGlobalSection
	GlobalSection(ProjectConfigurationPlatforms) = postSolution
		{238E24FD-05B3-4540-A98B-B5CD7CD8F09A}.Debug|Any CPU.ActiveCfg = Debug|Any CPU
		{238E24FD-05B3-4540-A98B-B5CD7CD8F09A}.Debug|Any CPU.Build.0 = Debug|Any CPU
		{238E24FD-05B3-4540-A98B-B5CD7CD8F09A}.Release|Any CPU.ActiveCfg = Release|Any CPU
		{238E24FD-05B3-4540-A98B-B5CD7CD8F09A}.Release|Any CPU.Build.0 = Release|Any CPU
	EndGlobalSection
	GlobalSection(SolutionProperties) = preSolution
		HideSolutionNode = FALSE
	EndGlobalSection
	GlobalSection(ExtensibilityGlobals) = postSolution
		SolutionGuid = {1020ABDE-5265-4DF7-AA03-3DEC89A31E5C}
	EndGlobalSection
EndGlobal
